// !$*UTF8*$!
{
	archiveVersion = 1;
	classes = {
	};
	objectVersion = 46;
	objects = {

/* Begin PBXBuildFile section */
		A42F818B1EF06F4800A460F0 /* AppDelegate.swift in Sources */ = {isa = PBXBuildFile; fileRef = A42F818A1EF06F4800A460F0 /* AppDelegate.swift */; };
		A42F818D1EF06F4800A460F0 /* BarsViewController.swift in Sources */ = {isa = PBXBuildFile; fileRef = A42F818C1EF06F4800A460F0 /* BarsViewController.swift */; };
		A42F818F1EF06F4800A460F0 /* MapViewController.swift in Sources */ = {isa = PBXBuildFile; fileRef = A42F818E1EF06F4800A460F0 /* MapViewController.swift */; };
		A42F81921EF06F4800A460F0 /* Main.storyboard in Resources */ = {isa = PBXBuildFile; fileRef = A42F81901EF06F4800A460F0 /* Main.storyboard */; };
		A42F81941EF06F4800A460F0 /* Assets.xcassets in Resources */ = {isa = PBXBuildFile; fileRef = A42F81931EF06F4800A460F0 /* Assets.xcassets */; };
		A42F81971EF06F4800A460F0 /* LaunchScreen.storyboard in Resources */ = {isa = PBXBuildFile; fileRef = A42F81951EF06F4800A460F0 /* LaunchScreen.storyboard */; };
		A42F81A21EF06F4800A460F0 /* BarsTests.swift in Sources */ = {isa = PBXBuildFile; fileRef = A42F81A11EF06F4800A460F0 /* BarsTests.swift */; };
		A42F81AD1EF06F4800A460F0 /* BarsUITests.swift in Sources */ = {isa = PBXBuildFile; fileRef = A42F81AC1EF06F4800A460F0 /* BarsUITests.swift */; };
		A42F81C41EF076D100A460F0 /* Place.swift in Sources */ = {isa = PBXBuildFile; fileRef = A42F81C31EF076D100A460F0 /* Place.swift */; };
		A42F81C71EF077B600A460F0 /* BarViewModel.swift in Sources */ = {isa = PBXBuildFile; fileRef = A42F81C61EF077B600A460F0 /* BarViewModel.swift */; };
		A42F81CA1EF0790B00A460F0 /* LocationSearchService.swift in Sources */ = {isa = PBXBuildFile; fileRef = A42F81C91EF0790B00A460F0 /* LocationSearchService.swift */; };
		A42F81D01EF0795200A460F0 /* DeviceLocationManager.swift in Sources */ = {isa = PBXBuildFile; fileRef = A42F81CF1EF0795200A460F0 /* DeviceLocationManager.swift */; };
		A4FBF0201EF0882A000B145C /* BaseService.swift in Sources */ = {isa = PBXBuildFile; fileRef = A4FBF01F1EF0882A000B145C /* BaseService.swift */; };
		A4FBF0271EF0BC5F000B145C /* BarTableViewCell.swift in Sources */ = {isa = PBXBuildFile; fileRef = A4FBF0261EF0BC5F000B145C /* BarTableViewCell.swift */; };
		A4FBF02B1EF14B13000B145C /* BaseViewController.swift in Sources */ = {isa = PBXBuildFile; fileRef = A4FBF02A1EF14B13000B145C /* BaseViewController.swift */; };
/* End PBXBuildFile section */

/* Begin PBXContainerItemProxy section */
		A42F819E1EF06F4800A460F0 /* PBXContainerItemProxy */ = {
			isa = PBXContainerItemProxy;
			containerPortal = A42F817F1EF06F4800A460F0 /* Project object */;
			proxyType = 1;
			remoteGlobalIDString = A42F81861EF06F4800A460F0;
			remoteInfo = Bars;
		};
		A42F81A91EF06F4800A460F0 /* PBXContainerItemProxy */ = {
			isa = PBXContainerItemProxy;
			containerPortal = A42F817F1EF06F4800A460F0 /* Project object */;
			proxyType = 1;
			remoteGlobalIDString = A42F81861EF06F4800A460F0;
			remoteInfo = Bars;
		};
/* End PBXContainerItemProxy section */

/* Begin PBXFileReference section */
		524BC19848CD17C7BBA03122 /* Pods-BarsTests.release.xcconfig */ = {isa = PBXFileReference; includeInIndex = 1; lastKnownFileType = text.xcconfig; name = "Pods-BarsTests.release.xcconfig"; path = "Pods/Target Support Files/Pods-BarsTests/Pods-BarsTests.release.xcconfig"; sourceTree = "<group>"; };
		5778722FCF75CEB8B8CA8A16 /* Pods-BarsUITests.debug.xcconfig */ = {isa = PBXFileReference; includeInIndex = 1; lastKnownFileType = text.xcconfig; name = "Pods-BarsUITests.debug.xcconfig"; path = "Pods/Target Support Files/Pods-BarsUITests/Pods-BarsUITests.debug.xcconfig"; sourceTree = "<group>"; };
		6245DD8C276E567941566BF8 /* Pods-BarsUITests.release.xcconfig */ = {isa = PBXFileReference; includeInIndex = 1; lastKnownFileType = text.xcconfig; name = "Pods-BarsUITests.release.xcconfig"; path = "Pods/Target Support Files/Pods-BarsUITests/Pods-BarsUITests.release.xcconfig"; sourceTree = "<group>"; };
		666420F3EC4EFAA28CB2C9EB /* Pods-BarsTests.debug.xcconfig */ = {isa = PBXFileReference; includeInIndex = 1; lastKnownFileType = text.xcconfig; name = "Pods-BarsTests.debug.xcconfig"; path = "Pods/Target Support Files/Pods-BarsTests/Pods-BarsTests.debug.xcconfig"; sourceTree = "<group>"; };
		A42F81871EF06F4800A460F0 /* Bars.app */ = {isa = PBXFileReference; explicitFileType = wrapper.application; includeInIndex = 0; path = Bars.app; sourceTree = BUILT_PRODUCTS_DIR; };
		A42F818A1EF06F4800A460F0 /* AppDelegate.swift */ = {isa = PBXFileReference; lastKnownFileType = sourcecode.swift; path = AppDelegate.swift; sourceTree = "<group>"; };
		A42F818C1EF06F4800A460F0 /* BarsViewController.swift */ = {isa = PBXFileReference; lastKnownFileType = sourcecode.swift; path = BarsViewController.swift; sourceTree = "<group>"; };
		A42F818E1EF06F4800A460F0 /* MapViewController.swift */ = {isa = PBXFileReference; lastKnownFileType = sourcecode.swift; path = MapViewController.swift; sourceTree = "<group>"; };
		A42F81911EF06F4800A460F0 /* Base */ = {isa = PBXFileReference; lastKnownFileType = file.storyboard; name = Base; path = Base.lproj/Main.storyboard; sourceTree = "<group>"; };
		A42F81931EF06F4800A460F0 /* Assets.xcassets */ = {isa = PBXFileReference; lastKnownFileType = folder.assetcatalog; path = Assets.xcassets; sourceTree = "<group>"; };
		A42F81961EF06F4800A460F0 /* Base */ = {isa = PBXFileReference; lastKnownFileType = file.storyboard; name = Base; path = Base.lproj/LaunchScreen.storyboard; sourceTree = "<group>"; };
		A42F81981EF06F4800A460F0 /* Info.plist */ = {isa = PBXFileReference; lastKnownFileType = text.plist.xml; path = Info.plist; sourceTree = "<group>"; };
		A42F819D1EF06F4800A460F0 /* BarsTests.xctest */ = {isa = PBXFileReference; explicitFileType = wrapper.cfbundle; includeInIndex = 0; path = BarsTests.xctest; sourceTree = BUILT_PRODUCTS_DIR; };
		A42F81A11EF06F4800A460F0 /* BarsTests.swift */ = {isa = PBXFileReference; lastKnownFileType = sourcecode.swift; path = BarsTests.swift; sourceTree = "<group>"; };
		A42F81A31EF06F4800A460F0 /* Info.plist */ = {isa = PBXFileReference; lastKnownFileType = text.plist.xml; path = Info.plist; sourceTree = "<group>"; };
		A42F81A81EF06F4800A460F0 /* BarsUITests.xctest */ = {isa = PBXFileReference; explicitFileType = wrapper.cfbundle; includeInIndex = 0; path = BarsUITests.xctest; sourceTree = BUILT_PRODUCTS_DIR; };
		A42F81AC1EF06F4800A460F0 /* BarsUITests.swift */ = {isa = PBXFileReference; lastKnownFileType = sourcecode.swift; path = BarsUITests.swift; sourceTree = "<group>"; };
		A42F81AE1EF06F4800A460F0 /* Info.plist */ = {isa = PBXFileReference; lastKnownFileType = text.plist.xml; path = Info.plist; sourceTree = "<group>"; };
		A42F81C31EF076D100A460F0 /* Place.swift */ = {isa = PBXFileReference; fileEncoding = 4; lastKnownFileType = sourcecode.swift; path = Place.swift; sourceTree = "<group>"; };
		A42F81C61EF077B600A460F0 /* BarViewModel.swift */ = {isa = PBXFileReference; fileEncoding = 4; lastKnownFileType = sourcecode.swift; path = BarViewModel.swift; sourceTree = "<group>"; };
		A42F81C91EF0790B00A460F0 /* LocationSearchService.swift */ = {isa = PBXFileReference; fileEncoding = 4; lastKnownFileType = sourcecode.swift; path = LocationSearchService.swift; sourceTree = "<group>"; };
		A42F81CF1EF0795200A460F0 /* DeviceLocationManager.swift */ = {isa = PBXFileReference; fileEncoding = 4; lastKnownFileType = sourcecode.swift; path = DeviceLocationManager.swift; sourceTree = "<group>"; };
		A4FBF01F1EF0882A000B145C /* BaseService.swift */ = {isa = PBXFileReference; fileEncoding = 4; lastKnownFileType = sourcecode.swift; path = BaseService.swift; sourceTree = "<group>"; };
		A4FBF0261EF0BC5F000B145C /* BarTableViewCell.swift */ = {isa = PBXFileReference; fileEncoding = 4; lastKnownFileType = sourcecode.swift; path = BarTableViewCell.swift; sourceTree = "<group>"; };
		A4FBF02A1EF14B13000B145C /* BaseViewController.swift */ = {isa = PBXFileReference; fileEncoding = 4; lastKnownFileType = sourcecode.swift; path = BaseViewController.swift; sourceTree = "<group>"; };
		D066BF5001DE5AB20A6A6735 /* Pods-Bars.release.xcconfig */ = {isa = PBXFileReference; includeInIndex = 1; lastKnownFileType = text.xcconfig; name = "Pods-Bars.release.xcconfig"; path = "Pods/Target Support Files/Pods-Bars/Pods-Bars.release.xcconfig"; sourceTree = "<group>"; };
		FA5CD9B34A5B1F4634A69256 /* Pods-Bars.debug.xcconfig */ = {isa = PBXFileReference; includeInIndex = 1; lastKnownFileType = text.xcconfig; name = "Pods-Bars.debug.xcconfig"; path = "Pods/Target Support Files/Pods-Bars/Pods-Bars.debug.xcconfig"; sourceTree = "<group>"; };
/* End PBXFileReference section */

/* Begin PBXFrameworksBuildPhase section */
		A42F81841EF06F4800A460F0 /* Frameworks */ = {
			isa = PBXFrameworksBuildPhase;
			buildActionMask = 2147483647;
			files = (
			);
			runOnlyForDeploymentPostprocessing = 0;
		};
		A42F819A1EF06F4800A460F0 /* Frameworks */ = {
			isa = PBXFrameworksBuildPhase;
			buildActionMask = 2147483647;
			files = (
			);
			runOnlyForDeploymentPostprocessing = 0;
		};
		A42F81A51EF06F4800A460F0 /* Frameworks */ = {
			isa = PBXFrameworksBuildPhase;
			buildActionMask = 2147483647;
			files = (
			);
			runOnlyForDeploymentPostprocessing = 0;
		};
/* End PBXFrameworksBuildPhase section */

/* Begin PBXGroup section */
		57C19B56474E97F1D27E2B7E /* Frameworks */ = {
			isa = PBXGroup;
			children = (
			);
			name = Frameworks;
			sourceTree = "<group>";
		};
		9B8C748C7BDBFFE59777006F /* Pods */ = {
			isa = PBXGroup;
			children = (
				FA5CD9B34A5B1F4634A69256 /* Pods-Bars.debug.xcconfig */,
				D066BF5001DE5AB20A6A6735 /* Pods-Bars.release.xcconfig */,
				666420F3EC4EFAA28CB2C9EB /* Pods-BarsTests.debug.xcconfig */,
				524BC19848CD17C7BBA03122 /* Pods-BarsTests.release.xcconfig */,
				5778722FCF75CEB8B8CA8A16 /* Pods-BarsUITests.debug.xcconfig */,
				6245DD8C276E567941566BF8 /* Pods-BarsUITests.release.xcconfig */,
			);
			name = Pods;
			sourceTree = "<group>";
		};
		A42F817E1EF06F4800A460F0 = {
			isa = PBXGroup;
			children = (
				A42F81891EF06F4800A460F0 /* Bars */,
				A42F81A01EF06F4800A460F0 /* BarsTests */,
				A42F81AB1EF06F4800A460F0 /* BarsUITests */,
				A42F81881EF06F4800A460F0 /* Products */,
				9B8C748C7BDBFFE59777006F /* Pods */,
				57C19B56474E97F1D27E2B7E /* Frameworks */,
			);
			sourceTree = "<group>";
		};
		A42F81881EF06F4800A460F0 /* Products */ = {
			isa = PBXGroup;
			children = (
				A42F81871EF06F4800A460F0 /* Bars.app */,
				A42F819D1EF06F4800A460F0 /* BarsTests.xctest */,
				A42F81A81EF06F4800A460F0 /* BarsUITests.xctest */,
			);
			name = Products;
			sourceTree = "<group>";
		};
		A42F81891EF06F4800A460F0 /* Bars */ = {
			isa = PBXGroup;
			children = (
				A42F818A1EF06F4800A460F0 /* AppDelegate.swift */,
				A42F81BA1EF0756C00A460F0 /* UI */,
				A42F81BC1EF0758400A460F0 /* Business */,
				A42F81BD1EF0759500A460F0 /* Platform */,
				A42F81931EF06F4800A460F0 /* Assets.xcassets */,
				A42F81951EF06F4800A460F0 /* LaunchScreen.storyboard */,
				A42F81981EF06F4800A460F0 /* Info.plist */,
			);
			path = Bars;
			sourceTree = "<group>";
		};
		A42F81A01EF06F4800A460F0 /* BarsTests */ = {
			isa = PBXGroup;
			children = (
				A42F81A11EF06F4800A460F0 /* BarsTests.swift */,
				A42F81A31EF06F4800A460F0 /* Info.plist */,
			);
			path = BarsTests;
			sourceTree = "<group>";
		};
		A42F81AB1EF06F4800A460F0 /* BarsUITests */ = {
			isa = PBXGroup;
			children = (
				A42F81AC1EF06F4800A460F0 /* BarsUITests.swift */,
				A42F81AE1EF06F4800A460F0 /* Info.plist */,
			);
			path = BarsUITests;
			sourceTree = "<group>";
		};
		A42F81BA1EF0756C00A460F0 /* UI */ = {
			isa = PBXGroup;
			children = (
				A42F81901EF06F4800A460F0 /* Main.storyboard */,
				A4FBF0251EF0BC38000B145C /* View */,
				A42F81BB1EF0757300A460F0 /* Controller */,
				A42F81C51EF0779300A460F0 /* ViewModel */,
			);
			name = UI;
			sourceTree = "<group>";
		};
		A42F81BB1EF0757300A460F0 /* Controller */ = {
			isa = PBXGroup;
			children = (
				A42F818C1EF06F4800A460F0 /* BarsViewController.swift */,
				A42F818E1EF06F4800A460F0 /* MapViewController.swift */,
			);
			name = Controller;
			sourceTree = "<group>";
		};
		A42F81BC1EF0758400A460F0 /* Business */ = {
			isa = PBXGroup;
			children = (
				A42F81C11EF076A800A460F0 /* Model */,
				A42F81C21EF076AE00A460F0 /* Service */,
			);
			name = Business;
			sourceTree = "<group>";
		};
		A42F81BD1EF0759500A460F0 /* Platform */ = {
			isa = PBXGroup;
			children = (
				A4FBF02C1EF14B17000B145C /* UI */,
				A4FBF0211EF08830000B145C /* Network */,
				A42F81CE1EF0793200A460F0 /* Location */,
			);
			name = Platform;
			sourceTree = "<group>";
		};
		A42F81C11EF076A800A460F0 /* Model */ = {
			isa = PBXGroup;
			children = (
				A42F81C31EF076D100A460F0 /* Place.swift */,
			);
			name = Model;
			sourceTree = "<group>";
		};
		A42F81C21EF076AE00A460F0 /* Service */ = {
			isa = PBXGroup;
			children = (
				A42F81C91EF0790B00A460F0 /* LocationSearchService.swift */,
			);
			name = Service;
			sourceTree = "<group>";
		};
		A42F81C51EF0779300A460F0 /* ViewModel */ = {
			isa = PBXGroup;
			children = (
				A42F81C61EF077B600A460F0 /* BarViewModel.swift */,
			);
			name = ViewModel;
			sourceTree = "<group>";
		};
		A42F81CE1EF0793200A460F0 /* Location */ = {
			isa = PBXGroup;
			children = (
				A42F81CF1EF0795200A460F0 /* DeviceLocationManager.swift */,
			);
			name = Location;
			sourceTree = "<group>";
		};
		A4FBF0211EF08830000B145C /* Network */ = {
			isa = PBXGroup;
			children = (
				A4FBF01F1EF0882A000B145C /* BaseService.swift */,
			);
			name = Network;
			sourceTree = "<group>";
		};
		A4FBF0251EF0BC38000B145C /* View */ = {
			isa = PBXGroup;
			children = (
				A4FBF0261EF0BC5F000B145C /* BarTableViewCell.swift */,
			);
			name = View;
			sourceTree = "<group>";
		};
		A4FBF02C1EF14B17000B145C /* UI */ = {
			isa = PBXGroup;
			children = (
				A4FBF02A1EF14B13000B145C /* BaseViewController.swift */,
			);
			name = UI;
			sourceTree = "<group>";
		};
/* End PBXGroup section */

/* Begin PBXNativeTarget section */
		A42F81861EF06F4800A460F0 /* Bars */ = {
			isa = PBXNativeTarget;
			buildConfigurationList = A42F81B11EF06F4800A460F0 /* Build configuration list for PBXNativeTarget "Bars" */;
			buildPhases = (
				A42F81831EF06F4800A460F0 /* Sources */,
				A42F81841EF06F4800A460F0 /* Frameworks */,
				A42F81851EF06F4800A460F0 /* Resources */,
			);
			buildRules = (
			);
			dependencies = (
			);
			name = Bars;
			productName = Bars;
			productReference = A42F81871EF06F4800A460F0 /* Bars.app */;
			productType = "com.apple.product-type.application";
		};
		A42F819C1EF06F4800A460F0 /* BarsTests */ = {
			isa = PBXNativeTarget;
			buildConfigurationList = A42F81B41EF06F4800A460F0 /* Build configuration list for PBXNativeTarget "BarsTests" */;
			buildPhases = (
				337EA406F4A7981624BE191F /* [CP] Check Pods Manifest.lock */,
				A42F81991EF06F4800A460F0 /* Sources */,
				A42F819A1EF06F4800A460F0 /* Frameworks */,
				A42F819B1EF06F4800A460F0 /* Resources */,
				C83113B4546EAE8390E5E7A6 /* [CP] Embed Pods Frameworks */,
				F857B807B62952CB1392573C /* [CP] Copy Pods Resources */,
			);
			buildRules = (
			);
			dependencies = (
				A42F819F1EF06F4800A460F0 /* PBXTargetDependency */,
			);
			name = BarsTests;
			productName = BarsTests;
			productReference = A42F819D1EF06F4800A460F0 /* BarsTests.xctest */;
			productType = "com.apple.product-type.bundle.unit-test";
		};
		A42F81A71EF06F4800A460F0 /* BarsUITests */ = {
			isa = PBXNativeTarget;
			buildConfigurationList = A42F81B71EF06F4800A460F0 /* Build configuration list for PBXNativeTarget "BarsUITests" */;
			buildPhases = (
				E2B2F57C8DC71CDD3C27F19D /* [CP] Check Pods Manifest.lock */,
				A42F81A41EF06F4800A460F0 /* Sources */,
				A42F81A51EF06F4800A460F0 /* Frameworks */,
				A42F81A61EF06F4800A460F0 /* Resources */,
				615646347082FA31704F73F1 /* [CP] Embed Pods Frameworks */,
				9E0CD4430825C0C70E366BA6 /* [CP] Copy Pods Resources */,
			);
			buildRules = (
			);
			dependencies = (
				A42F81AA1EF06F4800A460F0 /* PBXTargetDependency */,
			);
			name = BarsUITests;
			productName = BarsUITests;
			productReference = A42F81A81EF06F4800A460F0 /* BarsUITests.xctest */;
			productType = "com.apple.product-type.bundle.ui-testing";
		};
/* End PBXNativeTarget section */

/* Begin PBXProject section */
		A42F817F1EF06F4800A460F0 /* Project object */ = {
			isa = PBXProject;
			attributes = {
				LastSwiftUpdateCheck = 0830;
				LastUpgradeCheck = 0830;
				ORGANIZATIONNAME = "Mariano Latorre";
				TargetAttributes = {
					A42F81861EF06F4800A460F0 = {
						CreatedOnToolsVersion = 8.3.2;
						DevelopmentTeam = NYC4FDV8PV;
						ProvisioningStyle = Automatic;
					};
					A42F819C1EF06F4800A460F0 = {
						CreatedOnToolsVersion = 8.3.2;
						ProvisioningStyle = Automatic;
						TestTargetID = A42F81861EF06F4800A460F0;
					};
					A42F81A71EF06F4800A460F0 = {
						CreatedOnToolsVersion = 8.3.2;
						ProvisioningStyle = Automatic;
						TestTargetID = A42F81861EF06F4800A460F0;
					};
				};
			};
			buildConfigurationList = A42F81821EF06F4800A460F0 /* Build configuration list for PBXProject "Bars" */;
			compatibilityVersion = "Xcode 3.2";
			developmentRegion = English;
			hasScannedForEncodings = 0;
			knownRegions = (
				en,
				Base,
			);
			mainGroup = A42F817E1EF06F4800A460F0;
			productRefGroup = A42F81881EF06F4800A460F0 /* Products */;
			projectDirPath = "";
			projectRoot = "";
			targets = (
				A42F81861EF06F4800A460F0 /* Bars */,
				A42F819C1EF06F4800A460F0 /* BarsTests */,
				A42F81A71EF06F4800A460F0 /* BarsUITests */,
			);
		};
/* End PBXProject section */

/* Begin PBXResourcesBuildPhase section */
		A42F81851EF06F4800A460F0 /* Resources */ = {
			isa = PBXResourcesBuildPhase;
			buildActionMask = 2147483647;
			files = (
				A42F81971EF06F4800A460F0 /* LaunchScreen.storyboard in Resources */,
				A42F81941EF06F4800A460F0 /* Assets.xcassets in Resources */,
				A42F81921EF06F4800A460F0 /* Main.storyboard in Resources */,
			);
			runOnlyForDeploymentPostprocessing = 0;
		};
		A42F819B1EF06F4800A460F0 /* Resources */ = {
			isa = PBXResourcesBuildPhase;
			buildActionMask = 2147483647;
			files = (
			);
			runOnlyForDeploymentPostprocessing = 0;
		};
		A42F81A61EF06F4800A460F0 /* Resources */ = {
			isa = PBXResourcesBuildPhase;
			buildActionMask = 2147483647;
			files = (
			);
			runOnlyForDeploymentPostprocessing = 0;
		};
/* End PBXResourcesBuildPhase section */

/* Begin PBXShellScriptBuildPhase section */
		337EA406F4A7981624BE191F /* [CP] Check Pods Manifest.lock */ = {
			isa = PBXShellScriptBuildPhase;
			buildActionMask = 2147483647;
			files = (
			);
			inputPaths = (
			);
			name = "[CP] Check Pods Manifest.lock";
			outputPaths = (
			);
			runOnlyForDeploymentPostprocessing = 0;
			shellPath = /bin/sh;
			shellScript = "diff \"${PODS_PODFILE_DIR_PATH}/Podfile.lock\" \"${PODS_ROOT}/Manifest.lock\" > /dev/null\nif [ $? != 0 ] ; then\n    # print error to STDERR\n    echo \"error: The sandbox is not in sync with the Podfile.lock. Run 'pod install' or update your CocoaPods installation.\" >&2\n    exit 1\nfi\n";
			showEnvVarsInLog = 0;
		};
		615646347082FA31704F73F1 /* [CP] Embed Pods Frameworks */ = {
			isa = PBXShellScriptBuildPhase;
			buildActionMask = 2147483647;
			files = (
			);
			inputPaths = (
			);
			name = "[CP] Embed Pods Frameworks";
			outputPaths = (
			);
			runOnlyForDeploymentPostprocessing = 0;
			shellPath = /bin/sh;
			shellScript = "\"${SRCROOT}/Pods/Target Support Files/Pods-BarsUITests/Pods-BarsUITests-frameworks.sh\"\n";
			showEnvVarsInLog = 0;
		};
		9E0CD4430825C0C70E366BA6 /* [CP] Copy Pods Resources */ = {
			isa = PBXShellScriptBuildPhase;
			buildActionMask = 2147483647;
			files = (
			);
			inputPaths = (
			);
			name = "[CP] Copy Pods Resources";
			outputPaths = (
			);
			runOnlyForDeploymentPostprocessing = 0;
			shellPath = /bin/sh;
			shellScript = "\"${SRCROOT}/Pods/Target Support Files/Pods-BarsUITests/Pods-BarsUITests-resources.sh\"\n";
			showEnvVarsInLog = 0;
		};
		C83113B4546EAE8390E5E7A6 /* [CP] Embed Pods Frameworks */ = {
			isa = PBXShellScriptBuildPhase;
			buildActionMask = 2147483647;
			files = (
			);
			inputPaths = (
			);
			name = "[CP] Embed Pods Frameworks";
			outputPaths = (
			);
			runOnlyForDeploymentPostprocessing = 0;
			shellPath = /bin/sh;
			shellScript = "\"${SRCROOT}/Pods/Target Support Files/Pods-BarsTests/Pods-BarsTests-frameworks.sh\"\n";
			showEnvVarsInLog = 0;
		};
		E2B2F57C8DC71CDD3C27F19D /* [CP] Check Pods Manifest.lock */ = {
			isa = PBXShellScriptBuildPhase;
			buildActionMask = 2147483647;
			files = (
			);
			inputPaths = (
			);
			name = "[CP] Check Pods Manifest.lock";
			outputPaths = (
			);
			runOnlyForDeploymentPostprocessing = 0;
			shellPath = /bin/sh;
			shellScript = "diff \"${PODS_PODFILE_DIR_PATH}/Podfile.lock\" \"${PODS_ROOT}/Manifest.lock\" > /dev/null\nif [ $? != 0 ] ; then\n    # print error to STDERR\n    echo \"error: The sandbox is not in sync with the Podfile.lock. Run 'pod install' or update your CocoaPods installation.\" >&2\n    exit 1\nfi\n";
			showEnvVarsInLog = 0;
		};
		F857B807B62952CB1392573C /* [CP] Copy Pods Resources */ = {
			isa = PBXShellScriptBuildPhase;
			buildActionMask = 2147483647;
			files = (
			);
			inputPaths = (
			);
			name = "[CP] Copy Pods Resources";
			outputPaths = (
			);
			runOnlyForDeploymentPostprocessing = 0;
			shellPath = /bin/sh;
			shellScript = "\"${SRCROOT}/Pods/Target Support Files/Pods-BarsTests/Pods-BarsTests-resources.sh\"\n";
			showEnvVarsInLog = 0;
		};
/* End PBXShellScriptBuildPhase section */

/* Begin PBXSourcesBuildPhase section */
		A42F81831EF06F4800A460F0 /* Sources */ = {
			isa = PBXSourcesBuildPhase;
			buildActionMask = 2147483647;
			files = (
				A42F818F1EF06F4800A460F0 /* MapViewController.swift in Sources */,
				A42F81C41EF076D100A460F0 /* Place.swift in Sources */,
				A42F818B1EF06F4800A460F0 /* AppDelegate.swift in Sources */,
				A42F81D01EF0795200A460F0 /* DeviceLocationManager.swift in Sources */,
				A4FBF0271EF0BC5F000B145C /* BarTableViewCell.swift in Sources */,
				A4FBF02B1EF14B13000B145C /* BaseViewController.swift in Sources */,
				A42F81CA1EF0790B00A460F0 /* LocationSearchService.swift in Sources */,
				A42F818D1EF06F4800A460F0 /* BarsViewController.swift in Sources */,
				A4FBF0201EF0882A000B145C /* BaseService.swift in Sources */,
				A42F81C71EF077B600A460F0 /* BarViewModel.swift in Sources */,
			);
			runOnlyForDeploymentPostprocessing = 0;
		};
		A42F81991EF06F4800A460F0 /* Sources */ = {
			isa = PBXSourcesBuildPhase;
			buildActionMask = 2147483647;
			files = (
				A42F81A21EF06F4800A460F0 /* BarsTests.swift in Sources */,
			);
			runOnlyForDeploymentPostprocessing = 0;
		};
		A42F81A41EF06F4800A460F0 /* Sources */ = {
			isa = PBXSourcesBuildPhase;
			buildActionMask = 2147483647;
			files = (
				A42F81AD1EF06F4800A460F0 /* BarsUITests.swift in Sources */,
			);
			runOnlyForDeploymentPostprocessing = 0;
		};
/* End PBXSourcesBuildPhase section */

/* Begin PBXTargetDependency section */
		A42F819F1EF06F4800A460F0 /* PBXTargetDependency */ = {
			isa = PBXTargetDependency;
			target = A42F81861EF06F4800A460F0 /* Bars */;
			targetProxy = A42F819E1EF06F4800A460F0 /* PBXContainerItemProxy */;
		};
		A42F81AA1EF06F4800A460F0 /* PBXTargetDependency */ = {
			isa = PBXTargetDependency;
			target = A42F81861EF06F4800A460F0 /* Bars */;
			targetProxy = A42F81A91EF06F4800A460F0 /* PBXContainerItemProxy */;
		};
/* End PBXTargetDependency section */

/* Begin PBXVariantGroup section */
		A42F81901EF06F4800A460F0 /* Main.storyboard */ = {
			isa = PBXVariantGroup;
			children = (
				A42F81911EF06F4800A460F0 /* Base */,
			);
			name = Main.storyboard;
			sourceTree = "<group>";
		};
		A42F81951EF06F4800A460F0 /* LaunchScreen.storyboard */ = {
			isa = PBXVariantGroup;
			children = (
				A42F81961EF06F4800A460F0 /* Base */,
			);
			name = LaunchScreen.storyboard;
			sourceTree = "<group>";
		};
/* End PBXVariantGroup section */

/* Begin XCBuildConfiguration section */
		A42F81AF1EF06F4800A460F0 /* Debug */ = {
			isa = XCBuildConfiguration;
			buildSettings = {
				ALWAYS_SEARCH_USER_PATHS = NO;
				CLANG_ANALYZER_NONNULL = YES;
				CLANG_ANALYZER_NUMBER_OBJECT_CONVERSION = YES_AGGRESSIVE;
				CLANG_CXX_LANGUAGE_STANDARD = "gnu++0x";
				CLANG_CXX_LIBRARY = "libc++";
				CLANG_ENABLE_MODULES = YES;
				CLANG_ENABLE_OBJC_ARC = YES;
				CLANG_WARN_BOOL_CONVERSION = YES;
				CLANG_WARN_CONSTANT_CONVERSION = YES;
				CLANG_WARN_DIRECT_OBJC_ISA_USAGE = YES_ERROR;
				CLANG_WARN_DOCUMENTATION_COMMENTS = YES;
				CLANG_WARN_EMPTY_BODY = YES;
				CLANG_WARN_ENUM_CONVERSION = YES;
				CLANG_WARN_INFINITE_RECURSION = YES;
				CLANG_WARN_INT_CONVERSION = YES;
				CLANG_WARN_OBJC_ROOT_CLASS = YES_ERROR;
				CLANG_WARN_SUSPICIOUS_MOVE = YES;
				CLANG_WARN_UNREACHABLE_CODE = YES;
				CLANG_WARN__DUPLICATE_METHOD_MATCH = YES;
				"CODE_SIGN_IDENTITY[sdk=iphoneos*]" = "iPhone Developer";
				COPY_PHASE_STRIP = NO;
				DEBUG_INFORMATION_FORMAT = dwarf;
				ENABLE_STRICT_OBJC_MSGSEND = YES;
				ENABLE_TESTABILITY = YES;
				GCC_C_LANGUAGE_STANDARD = gnu99;
				GCC_DYNAMIC_NO_PIC = NO;
				GCC_NO_COMMON_BLOCKS = YES;
				GCC_OPTIMIZATION_LEVEL = 0;
				GCC_PREPROCESSOR_DEFINITIONS = (
					"DEBUG=1",
					"$(inherited)",
				);
				GCC_WARN_64_TO_32_BIT_CONVERSION = YES;
				GCC_WARN_ABOUT_RETURN_TYPE = YES_ERROR;
				GCC_WARN_UNDECLARED_SELECTOR = YES;
				GCC_WARN_UNINITIALIZED_AUTOS = YES_AGGRESSIVE;
				GCC_WARN_UNUSED_FUNCTION = YES;
				GCC_WARN_UNUSED_VARIABLE = YES;
				IPHONEOS_DEPLOYMENT_TARGET = 10.3;
				MTL_ENABLE_DEBUG_INFO = YES;
				ONLY_ACTIVE_ARCH = YES;
				SDKROOT = iphoneos;
				SWIFT_ACTIVE_COMPILATION_CONDITIONS = DEBUG;
				SWIFT_OPTIMIZATION_LEVEL = "-Onone";
			};
			name = Debug;
		};
		A42F81B01EF06F4800A460F0 /* Release */ = {
			isa = XCBuildConfiguration;
			buildSettings = {
				ALWAYS_SEARCH_USER_PATHS = NO;
				CLANG_ANALYZER_NONNULL = YES;
				CLANG_ANALYZER_NUMBER_OBJECT_CONVERSION = YES_AGGRESSIVE;
				CLANG_CXX_LANGUAGE_STANDARD = "gnu++0x";
				CLANG_CXX_LIBRARY = "libc++";
				CLANG_ENABLE_MODULES = YES;
				CLANG_ENABLE_OBJC_ARC = YES;
				CLANG_WARN_BOOL_CONVERSION = YES;
				CLANG_WARN_CONSTANT_CONVERSION = YES;
				CLANG_WARN_DIRECT_OBJC_ISA_USAGE = YES_ERROR;
				CLANG_WARN_DOCUMENTATION_COMMENTS = YES;
				CLANG_WARN_EMPTY_BODY = YES;
				CLANG_WARN_ENUM_CONVERSION = YES;
				CLANG_WARN_INFINITE_RECURSION = YES;
				CLANG_WARN_INT_CONVERSION = YES;
				CLANG_WARN_OBJC_ROOT_CLASS = YES_ERROR;
				CLANG_WARN_SUSPICIOUS_MOVE = YES;
				CLANG_WARN_UNREACHABLE_CODE = YES;
				CLANG_WARN__DUPLICATE_METHOD_MATCH = YES;
				"CODE_SIGN_IDENTITY[sdk=iphoneos*]" = "iPhone Developer";
				COPY_PHASE_STRIP = NO;
				DEBUG_INFORMATION_FORMAT = "dwarf-with-dsym";
				ENABLE_NS_ASSERTIONS = NO;
				ENABLE_STRICT_OBJC_MSGSEND = YES;
				GCC_C_LANGUAGE_STANDARD = gnu99;
				GCC_NO_COMMON_BLOCKS = YES;
				GCC_WARN_64_TO_32_BIT_CONVERSION = YES;
				GCC_WARN_ABOUT_RETURN_TYPE = YES_ERROR;
				GCC_WARN_UNDECLARED_SELECTOR = YES;
				GCC_WARN_UNINITIALIZED_AUTOS = YES_AGGRESSIVE;
				GCC_WARN_UNUSED_FUNCTION = YES;
				GCC_WARN_UNUSED_VARIABLE = YES;
				IPHONEOS_DEPLOYMENT_TARGET = 10.3;
				MTL_ENABLE_DEBUG_INFO = NO;
				SDKROOT = iphoneos;
				SWIFT_OPTIMIZATION_LEVEL = "-Owholemodule";
				VALIDATE_PRODUCT = YES;
			};
			name = Release;
		};
		A42F81B21EF06F4800A460F0 /* Debug */ = {
			isa = XCBuildConfiguration;
			baseConfigurationReference = FA5CD9B34A5B1F4634A69256 /* Pods-Bars.debug.xcconfig */;
			buildSettings = {
				ASSETCATALOG_COMPILER_APPICON_NAME = AppIcon;
				DEVELOPMENT_TEAM = NYC4FDV8PV;
				FRAMEWORK_SEARCH_PATHS = "";
				INFOPLIST_FILE = Bars/Info.plist;
				LD_RUNPATH_SEARCH_PATHS = "$(inherited) @executable_path/Frameworks";
				OTHER_CFLAGS = "";
				OTHER_LDFLAGS = "";
				PRODUCT_BUNDLE_IDENTIFIER = com.marianolatorre.bars.Bars;
				PRODUCT_NAME = "$(TARGET_NAME)";
				SWIFT_VERSION = 3.0;
			};
			name = Debug;
		};
		A42F81B31EF06F4800A460F0 /* Release */ = {
			isa = XCBuildConfiguration;
			baseConfigurationReference = D066BF5001DE5AB20A6A6735 /* Pods-Bars.release.xcconfig */;
			buildSettings = {
				ASSETCATALOG_COMPILER_APPICON_NAME = AppIcon;
				DEVELOPMENT_TEAM = NYC4FDV8PV;
				FRAMEWORK_SEARCH_PATHS = "";
				INFOPLIST_FILE = Bars/Info.plist;
				LD_RUNPATH_SEARCH_PATHS = "$(inherited) @executable_path/Frameworks";
				OTHER_CFLAGS = "";
				OTHER_LDFLAGS = "";
				PRODUCT_BUNDLE_IDENTIFIER = com.marianolatorre.bars.Bars;
				PRODUCT_NAME = "$(TARGET_NAME)";
				SWIFT_VERSION = 3.0;
			};
			name = Release;
		};
		A42F81B51EF06F4800A460F0 /* Debug */ = {
			isa = XCBuildConfiguration;
			baseConfigurationReference = 666420F3EC4EFAA28CB2C9EB /* Pods-BarsTests.debug.xcconfig */;
			buildSettings = {
				ALWAYS_EMBED_SWIFT_STANDARD_LIBRARIES = YES;
				BUNDLE_LOADER = "$(TEST_HOST)";
				INFOPLIST_FILE = BarsTests/Info.plist;
				LD_RUNPATH_SEARCH_PATHS = "$(inherited) @executable_path/Frameworks @loader_path/Frameworks";
				PRODUCT_BUNDLE_IDENTIFIER = com.marianolatorre.bars.BarsTests;
				PRODUCT_NAME = "$(TARGET_NAME)";
				SWIFT_VERSION = 3.0;
				TEST_HOST = "$(BUILT_PRODUCTS_DIR)/Bars.app/Bars";
			};
			name = Debug;
		};
		A42F81B61EF06F4800A460F0 /* Release */ = {
			isa = XCBuildConfiguration;
			baseConfigurationReference = 524BC19848CD17C7BBA03122 /* Pods-BarsTests.release.xcconfig */;
			buildSettings = {
				ALWAYS_EMBED_SWIFT_STANDARD_LIBRARIES = YES;
				BUNDLE_LOADER = "$(TEST_HOST)";
				INFOPLIST_FILE = BarsTests/Info.plist;
				LD_RUNPATH_SEARCH_PATHS = "$(inherited) @executable_path/Frameworks @loader_path/Frameworks";
				PRODUCT_BUNDLE_IDENTIFIER = com.marianolatorre.bars.BarsTests;
				PRODUCT_NAME = "$(TARGET_NAME)";
				SWIFT_VERSION = 3.0;
				TEST_HOST = "$(BUILT_PRODUCTS_DIR)/Bars.app/Bars";
			};
			name = Release;
		};
		A42F81B81EF06F4800A460F0 /* Debug */ = {
			isa = XCBuildConfiguration;
			baseConfigurationReference = 5778722FCF75CEB8B8CA8A16 /* Pods-BarsUITests.debug.xcconfig */;
			buildSettings = {
				ALWAYS_EMBED_SWIFT_STANDARD_LIBRARIES = YES;
				INFOPLIST_FILE = BarsUITests/Info.plist;
				LD_RUNPATH_SEARCH_PATHS = "$(inherited) @executable_path/Frameworks @loader_path/Frameworks";
				PRODUCT_BUNDLE_IDENTIFIER = com.marianolatorre.bars.BarsUITests;
				PRODUCT_NAME = "$(TARGET_NAME)";
				SWIFT_VERSION = 3.0;
				TEST_TARGET_NAME = Bars;
			};
			name = Debug;
		};
		A42F81B91EF06F4800A460F0 /* Release */ = {
			isa = XCBuildConfiguration;
			baseConfigurationReference = 6245DD8C276E567941566BF8 /* Pods-BarsUITests.release.xcconfig */;
			buildSettings = {
				ALWAYS_EMBED_SWIFT_STANDARD_LIBRARIES = YES;
				INFOPLIST_FILE = BarsUITests/Info.plist;
				LD_RUNPATH_SEARCH_PATHS = "$(inherited) @executable_path/Frameworks @loader_path/Frameworks";
				PRODUCT_BUNDLE_IDENTIFIER = com.marianolatorre.bars.BarsUITests;
				PRODUCT_NAME = "$(TARGET_NAME)";
				SWIFT_VERSION = 3.0;
				TEST_TARGET_NAME = Bars;
			};
			name = Release;
		};
/* End XCBuildConfiguration section */

/* Begin XCConfigurationList section */
		A42F81821EF06F4800A460F0 /* Build configuration list for PBXProject "Bars" */ = {
			isa = XCConfigurationList;
			buildConfigurations = (
				A42F81AF1EF06F4800A460F0 /* Debug */,
				A42F81B01EF06F4800A460F0 /* Release */,
			);
			defaultConfigurationIsVisible = 0;
			defaultConfigurationName = Release;
		};
		A42F81B11EF06F4800A460F0 /* Build configuration list for PBXNativeTarget "Bars" */ = {
			isa = XCConfigurationList;
			buildConfigurations = (
				A42F81B21EF06F4800A460F0 /* Debug */,
				A42F81B31EF06F4800A460F0 /* Release */,
			);
			defaultConfigurationIsVisible = 0;
			defaultConfigurationName = Release;
		};
		A42F81B41EF06F4800A460F0 /* Build configuration list for PBXNativeTarget "BarsTests" */ = {
			isa = XCConfigurationList;
			buildConfigurations = (
				A42F81B51EF06F4800A460F0 /* Debug */,
				A42F81B61EF06F4800A460F0 /* Release */,
			);
			defaultConfigurationIsVisible = 0;
			defaultConfigurationName = Release;
		};
		A42F81B71EF06F4800A460F0 /* Build configuration list for PBXNativeTarget "BarsUITests" */ = {
			isa = XCConfigurationList;
			buildConfigurations = (
				A42F81B81EF06F4800A460F0 /* Debug */,
				A42F81B91EF06F4800A460F0 /* Release */,
			);
			defaultConfigurationIsVisible = 0;
			defaultConfigurationName = Release;
		};
/* End XCConfigurationList section */
	};
	rootObject = A42F817F1EF06F4800A460F0 /* Project object */;
}
